
Microsoft Visual Studio Solution File, Format Version 12.00
# Visual Studio 14
VisualStudioVersion = 14.0.23107.0
MinimumVisualStudioVersion = 10.0.40219.1
Project("{3466B219-07DB-46AE-8697-CFD2A1650EC8}") = "PandaDataFactory", "PandaDataFactory\PandaDataFactory.dfproj", "{C1B1DDEC-F8B2-4663-89EB-79DFF02171B5}"
EndProject
Global
	GlobalSection(SolutionConfigurationPlatforms) = preSolution
		Debug|x86 = Debug|x86
		Release|x86 = Release|x86
	EndGlobalSection
	GlobalSection(ProjectConfigurationPlatforms) = postSolution
		{C1B1DDEC-F8B2-4663-89EB-79DFF02171B5}.Debug|x86.ActiveCfg = Debug|x86
		{C1B1DDEC-F8B2-4663-89EB-79DFF02171B5}.Debug|x86.Build.0 = Debug|x86
		{C1B1DDEC-F8B2-4663-89EB-79DFF02171B5}.Release|x86.ActiveCfg = Release|x86
		{C1B1DDEC-F8B2-4663-89EB-79DFF02171B5}.Release|x86.Build.0 = Release|x86
	EndGlobalSection
	GlobalSection(SolutionProperties) = preSolution
		HideSolutionNode = FALSE
	EndGlobalSection
EndGlobal
